// !$*UTF8*$!
{
	archiveVersion = 1;
	classes = {
	};
	objectVersion = 77;
	objects = {

/* Begin PBXBuildFile section */
		641023B32EAE6478003C2C1B /* RevenueCat in Frameworks */ = {isa = PBXBuildFile; productRef = 641023B22EAE6478003C2C1B /* RevenueCat */; };
		641023B52EAE6478003C2C1B /* RevenueCatUI in Frameworks */ = {isa = PBXBuildFile; productRef = 641023B42EAE6478003C2C1B /* RevenueCatUI */; };
		6411BBED2EABF9640000DCE1 /* WidgetKit.framework in Frameworks */ = {isa = PBXBuildFile; fileRef = 6411BBEC2EABF9640000DCE1 /* WidgetKit.framework */; };
		6411BBEF2EABF9640000DCE1 /* SwiftUI.framework in Frameworks */ = {isa = PBXBuildFile; fileRef = 6411BBEE2EABF9640000DCE1 /* SwiftUI.framework */; };
		6411BC002EABF9650000DCE1 /* BarTrailWidgetsExtension.appex in Embed Foundation Extensions */ = {isa = PBXBuildFile; fileRef = 6411BBEA2EABF9640000DCE1 /* BarTrailWidgetsExtension.appex */; settings = {ATTRIBUTES = (RemoveHeadersOnCopy, ); }; };
		64AA73AE2EAFFBBE00C28E9B /* BarTrail.icon in Resources */ = {isa = PBXBuildFile; fileRef = 64AA73AD2EAFFBBE00C28E9B /* BarTrail.icon */; };
/* End PBXBuildFile section */

/* Begin PBXContainerItemProxy section */
		6411BBFE2EABF9650000DCE1 /* PBXContainerItemProxy */ = {
			isa = PBXContainerItemProxy;
			containerPortal = 6411BB4A2EAACCB90000DCE1 /* Project object */;
			proxyType = 1;
			remoteGlobalIDString = 6411BBE92EABF9640000DCE1;
			remoteInfo = BarTrailWidgetsExtension;
		};
/* End PBXContainerItemProxy section */

/* Begin PBXCopyFilesBuildPhase section */
		6411BC052EABF9650000DCE1 /* Embed Foundation Extensions */ = {
			isa = PBXCopyFilesBuildPhase;
			buildActionMask = 2147483647;
			dstPath = "";
			dstSubfolderSpec = 13;
			files = (
				6411BC002EABF9650000DCE1 /* BarTrailWidgetsExtension.appex in Embed Foundation Extensions */,
			);
			name = "Embed Foundation Extensions";
			runOnlyForDeploymentPostprocessing = 0;
		};
/* End PBXCopyFilesBuildPhase section */

/* Begin PBXFileReference section */
		6411BB522EAACCB90000DCE1 /* BarTrail.app */ = {isa = PBXFileReference; explicitFileType = wrapper.application; includeInIndex = 0; path = BarTrail.app; sourceTree = BUILT_PRODUCTS_DIR; };
		6411BBEA2EABF9640000DCE1 /* BarTrailWidgetsExtension.appex */ = {isa = PBXFileReference; explicitFileType = "wrapper.app-extension"; includeInIndex = 0; path = BarTrailWidgetsExtension.appex; sourceTree = BUILT_PRODUCTS_DIR; };
		6411BBEC2EABF9640000DCE1 /* WidgetKit.framework */ = {isa = PBXFileReference; lastKnownFileType = wrapper.framework; name = WidgetKit.framework; path = System/Library/Frameworks/WidgetKit.framework; sourceTree = SDKROOT; };
		6411BBEE2EABF9640000DCE1 /* SwiftUI.framework */ = {isa = PBXFileReference; lastKnownFileType = wrapper.framework; name = SwiftUI.framework; path = System/Library/Frameworks/SwiftUI.framework; sourceTree = SDKROOT; };
		64AA73AD2EAFFBBE00C28E9B /* BarTrail.icon */ = {isa = PBXFileReference; lastKnownFileType = folder.iconcomposer.icon; path = BarTrail.icon; sourceTree = "<group>"; };
/* End PBXFileReference section */

/* Begin PBXFileSystemSynchronizedBuildFileExceptionSet section */
		6411BB612EAACCE70000DCE1 /* Exceptions for "BarTrail" folder in "BarTrail" target */ = {
			isa = PBXFileSystemSynchronizedBuildFileExceptionSet;
			membershipExceptions = (
				Info.plist,
			);
			target = 6411BB512EAACCB90000DCE1 /* BarTrail */;
		};
		6411BC042EABF9650000DCE1 /* Exceptions for "BarTrailWidgets" folder in "BarTrailWidgetsExtension" target */ = {
			isa = PBXFileSystemSynchronizedBuildFileExceptionSet;
			membershipExceptions = (
				Info.plist,
			);
			target = 6411BBE92EABF9640000DCE1 /* BarTrailWidgetsExtension */;
		};
		6411BC0E2EAC00160000DCE1 /* Exceptions for "BarTrail" folder in "BarTrailWidgetsExtension" target */ = {
			isa = PBXFileSystemSynchronizedBuildFileExceptionSet;
			membershipExceptions = (
				"BarTrail: Track Your Night Out.storekit",
				Fonts/BBH.ttf,
				"Fonts/BBHSansBogle-Regular.ttf",
				"Fonts/Orbitron-Bold.ttf",
				Fonts/Orbitron.ttf,
				"Fonts/Poppins-Bold.ttf",
				"Fonts/Poppins-Light.ttf",
				"Fonts/Poppins-Medium.ttf",
				"Fonts/Poppins-Regular.ttf",
				"Fonts/Poppins-SemiBold.ttf",
				"Fonts/Poppins-Thin.ttf",
				"Services/Live Activities/BarTrailActivityAttributes.swift",
			);
			target = 6411BBE92EABF9640000DCE1 /* BarTrailWidgetsExtension */;
		};
/* End PBXFileSystemSynchronizedBuildFileExceptionSet section */

/* Begin PBXFileSystemSynchronizedRootGroup section */
		6411BB542EAACCB90000DCE1 /* BarTrail */ = {
			isa = PBXFileSystemSynchronizedRootGroup;
			exceptions = (
				6411BB612EAACCE70000DCE1 /* Exceptions for "BarTrail" folder in "BarTrail" target */,
				6411BC0E2EAC00160000DCE1 /* Exceptions for "BarTrail" folder in "BarTrailWidgetsExtension" target */,
			);
			path = BarTrail;
			sourceTree = "<group>";
		};
		6411BBF02EABF9640000DCE1 /* BarTrailWidgets */ = {
			isa = PBXFileSystemSynchronizedRootGroup;
			exceptions = (
				6411BC042EABF9650000DCE1 /* Exceptions for "BarTrailWidgets" folder in "BarTrailWidgetsExtension" target */,
			);
			path = BarTrailWidgets;
			sourceTree = "<group>";
		};
/* End PBXFileSystemSynchronizedRootGroup section */

/* Begin PBXFrameworksBuildPhase section */
		6411BB4F2EAACCB90000DCE1 /* Frameworks */ = {
			isa = PBXFrameworksBuildPhase;
			buildActionMask = 2147483647;
			files = (
				641023B52EAE6478003C2C1B /* RevenueCatUI in Frameworks */,
				641023B32EAE6478003C2C1B /* RevenueCat in Frameworks */,
			);
			runOnlyForDeploymentPostprocessing = 0;
		};
		6411BBE72EABF9640000DCE1 /* Frameworks */ = {
			isa = PBXFrameworksBuildPhase;
			buildActionMask = 2147483647;
			files = (
				6411BBEF2EABF9640000DCE1 /* SwiftUI.framework in Frameworks */,
				6411BBED2EABF9640000DCE1 /* WidgetKit.framework in Frameworks */,
			);
			runOnlyForDeploymentPostprocessing = 0;
		};
/* End PBXFrameworksBuildPhase section */

/* Begin PBXGroup section */
		6411BB492EAACCB90000DCE1 = {
			isa = PBXGroup;
			children = (
				6411BB542EAACCB90000DCE1 /* BarTrail */,
				6411BBF02EABF9640000DCE1 /* BarTrailWidgets */,
				6411BBEB2EABF9640000DCE1 /* Frameworks */,
				6411BB532EAACCB90000DCE1 /* Products */,
				64AA73AD2EAFFBBE00C28E9B /* BarTrail.icon */,
			);
			sourceTree = "<group>";
		};
		6411BB532EAACCB90000DCE1 /* Products */ = {
			isa = PBXGroup;
			children = (
				6411BB522EAACCB90000DCE1 /* BarTrail.app */,
				6411BBEA2EABF9640000DCE1 /* BarTrailWidgetsExtension.appex */,
			);
			name = Products;
			sourceTree = "<group>";
		};
		6411BBEB2EABF9640000DCE1 /* Frameworks */ = {
			isa = PBXGroup;
			children = (
				6411BBEC2EABF9640000DCE1 /* WidgetKit.framework */,
				6411BBEE2EABF9640000DCE1 /* SwiftUI.framework */,
			);
			name = Frameworks;
			sourceTree = "<group>";
		};
/* End PBXGroup section */

/* Begin PBXNativeTarget section */
		6411BB512EAACCB90000DCE1 /* BarTrail */ = {
			isa = PBXNativeTarget;
			buildConfigurationList = 6411BB5D2EAACCBB0000DCE1 /* Build configuration list for PBXNativeTarget "BarTrail" */;
			buildPhases = (
				6411BB4E2EAACCB90000DCE1 /* Sources */,
				6411BB4F2EAACCB90000DCE1 /* Frameworks */,
				6411BB502EAACCB90000DCE1 /* Resources */,
				6411BC052EABF9650000DCE1 /* Embed Foundation Extensions */,
			);
			buildRules = (
			);
			dependencies = (
				6411BBFF2EABF9650000DCE1 /* PBXTargetDependency */,
			);
			fileSystemSynchronizedGroups = (
				6411BB542EAACCB90000DCE1 /* BarTrail */,
			);
			name = BarTrail;
			packageProductDependencies = (
				641023B22EAE6478003C2C1B /* RevenueCat */,
				641023B42EAE6478003C2C1B /* RevenueCatUI */,
			);
			productName = BarTrail;
			productReference = 6411BB522EAACCB90000DCE1 /* BarTrail.app */;
			productType = "com.apple.product-type.application";
		};
		6411BBE92EABF9640000DCE1 /* BarTrailWidgetsExtension */ = {
			isa = PBXNativeTarget;
			buildConfigurationList = 6411BC012EABF9650000DCE1 /* Build configuration list for PBXNativeTarget "BarTrailWidgetsExtension" */;
			buildPhases = (
				6411BBE62EABF9640000DCE1 /* Sources */,
				6411BBE72EABF9640000DCE1 /* Frameworks */,
				6411BBE82EABF9640000DCE1 /* Resources */,
			);
			buildRules = (
			);
			dependencies = (
			);
			fileSystemSynchronizedGroups = (
				6411BBF02EABF9640000DCE1 /* BarTrailWidgets */,
			);
			name = BarTrailWidgetsExtension;
			packageProductDependencies = (
			);
			productName = BarTrailWidgetsExtension;
			productReference = 6411BBEA2EABF9640000DCE1 /* BarTrailWidgetsExtension.appex */;
			productType = "com.apple.product-type.app-extension";
		};
/* End PBXNativeTarget section */

/* Begin PBXProject section */
		6411BB4A2EAACCB90000DCE1 /* Project object */ = {
			isa = PBXProject;
			attributes = {
				BuildIndependentTargetsInParallel = 1;
				LastSwiftUpdateCheck = 2600;
				LastUpgradeCheck = 2600;
				TargetAttributes = {
					6411BB512EAACCB90000DCE1 = {
						CreatedOnToolsVersion = 26.0.1;
					};
					6411BBE92EABF9640000DCE1 = {
						CreatedOnToolsVersion = 26.0.1;
					};
				};
			};
			buildConfigurationList = 6411BB4D2EAACCB90000DCE1 /* Build configuration list for PBXProject "BarTrail" */;
			developmentRegion = en;
			hasScannedForEncodings = 0;
			knownRegions = (
				en,
				Base,
				fr,
				de,
				es,
			);
			mainGroup = 6411BB492EAACCB90000DCE1;
			minimizedProjectReferenceProxies = 1;
			packageReferences = (
				641023B12EAE6478003C2C1B /* XCRemoteSwiftPackageReference "purchases-ios-spm" */,
			);
			preferredProjectObjectVersion = 77;
			productRefGroup = 6411BB532EAACCB90000DCE1 /* Products */;
			projectDirPath = "";
			projectRoot = "";
			targets = (
				6411BB512EAACCB90000DCE1 /* BarTrail */,
				6411BBE92EABF9640000DCE1 /* BarTrailWidgetsExtension */,
			);
		};
/* End PBXProject section */

/* Begin PBXResourcesBuildPhase section */
		6411BB502EAACCB90000DCE1 /* Resources */ = {
			isa = PBXResourcesBuildPhase;
			buildActionMask = 2147483647;
			files = (
				64AA73AE2EAFFBBE00C28E9B /* BarTrail.icon in Resources */,
			);
			runOnlyForDeploymentPostprocessing = 0;
		};
		6411BBE82EABF9640000DCE1 /* Resources */ = {
			isa = PBXResourcesBuildPhase;
			buildActionMask = 2147483647;
			files = (
			);
			runOnlyForDeploymentPostprocessing = 0;
		};
/* End PBXResourcesBuildPhase section */

/* Begin PBXSourcesBuildPhase section */
		6411BB4E2EAACCB90000DCE1 /* Sources */ = {
			isa = PBXSourcesBuildPhase;
			buildActionMask = 2147483647;
			files = (
			);
			runOnlyForDeploymentPostprocessing = 0;
		};
		6411BBE62EABF9640000DCE1 /* Sources */ = {
			isa = PBXSourcesBuildPhase;
			buildActionMask = 2147483647;
			files = (
			);
			runOnlyForDeploymentPostprocessing = 0;
		};
/* End PBXSourcesBuildPhase section */

/* Begin PBXTargetDependency section */
		6411BBFF2EABF9650000DCE1 /* PBXTargetDependency */ = {
			isa = PBXTargetDependency;
			target = 6411BBE92EABF9640000DCE1 /* BarTrailWidgetsExtension */;
			targetProxy = 6411BBFE2EABF9650000DCE1 /* PBXContainerItemProxy */;
		};
/* End PBXTargetDependency section */

/* Begin XCBuildConfiguration section */
		6411BB5B2EAACCBB0000DCE1 /* Debug */ = {
			isa = XCBuildConfiguration;
			buildSettings = {
				ALWAYS_SEARCH_USER_PATHS = NO;
				ASSETCATALOG_COMPILER_GENERATE_SWIFT_ASSET_SYMBOL_EXTENSIONS = YES;
				CLANG_ANALYZER_NONNULL = YES;
				CLANG_ANALYZER_NUMBER_OBJECT_CONVERSION = YES_AGGRESSIVE;
				CLANG_CXX_LANGUAGE_STANDARD = "gnu++20";
				CLANG_ENABLE_MODULES = YES;
				CLANG_ENABLE_OBJC_ARC = YES;
				CLANG_ENABLE_OBJC_WEAK = YES;
				CLANG_WARN_BLOCK_CAPTURE_AUTORELEASING = YES;
				CLANG_WARN_BOOL_CONVERSION = YES;
				CLANG_WARN_COMMA = YES;
				CLANG_WARN_CONSTANT_CONVERSION = YES;
				CLANG_WARN_DEPRECATED_OBJC_IMPLEMENTATIONS = YES;
				CLANG_WARN_DIRECT_OBJC_ISA_USAGE = YES_ERROR;
				CLANG_WARN_DOCUMENTATION_COMMENTS = YES;
				CLANG_WARN_EMPTY_BODY = YES;
				CLANG_WARN_ENUM_CONVERSION = YES;
				CLANG_WARN_INFINITE_RECURSION = YES;
				CLANG_WARN_INT_CONVERSION = YES;
				CLANG_WARN_NON_LITERAL_NULL_CONVERSION = YES;
				CLANG_WARN_OBJC_IMPLICIT_RETAIN_SELF = YES;
				CLANG_WARN_OBJC_LITERAL_CONVERSION = YES;
				CLANG_WARN_OBJC_ROOT_CLASS = YES_ERROR;
				CLANG_WARN_QUOTED_INCLUDE_IN_FRAMEWORK_HEADER = YES;
				CLANG_WARN_RANGE_LOOP_ANALYSIS = YES;
				CLANG_WARN_STRICT_PROTOTYPES = YES;
				CLANG_WARN_SUSPICIOUS_MOVE = YES;
				CLANG_WARN_UNGUARDED_AVAILABILITY = YES_AGGRESSIVE;
				CLANG_WARN_UNREACHABLE_CODE = YES;
				CLANG_WARN__DUPLICATE_METHOD_MATCH = YES;
				COPY_PHASE_STRIP = NO;
				DEBUG_INFORMATION_FORMAT = dwarf;
				DEVELOPMENT_TEAM = 3YFY9R2QJ5;
				ENABLE_STRICT_OBJC_MSGSEND = YES;
				ENABLE_TESTABILITY = YES;
				ENABLE_USER_SCRIPT_SANDBOXING = YES;
				GCC_C_LANGUAGE_STANDARD = gnu17;
				GCC_DYNAMIC_NO_PIC = NO;
				GCC_NO_COMMON_BLOCKS = YES;
				GCC_OPTIMIZATION_LEVEL = 0;
				GCC_PREPROCESSOR_DEFINITIONS = (
					"DEBUG=1",
					"$(inherited)",
				);
				GCC_WARN_64_TO_32_BIT_CONVERSION = YES;
				GCC_WARN_ABOUT_RETURN_TYPE = YES_ERROR;
				GCC_WARN_UNDECLARED_SELECTOR = YES;
				GCC_WARN_UNINITIALIZED_AUTOS = YES_AGGRESSIVE;
				GCC_WARN_UNUSED_FUNCTION = YES;
				GCC_WARN_UNUSED_VARIABLE = YES;
				IPHONEOS_DEPLOYMENT_TARGET = 26.0;
				LOCALIZATION_PREFERS_STRING_CATALOGS = YES;
				MTL_ENABLE_DEBUG_INFO = INCLUDE_SOURCE;
				MTL_FAST_MATH = YES;
				ONLY_ACTIVE_ARCH = YES;
				SDKROOT = iphoneos;
				SWIFT_ACTIVE_COMPILATION_CONDITIONS = "DEBUG $(inherited)";
				SWIFT_EMIT_LOC_STRINGS = YES;
				SWIFT_OPTIMIZATION_LEVEL = "-Onone";
			};
			name = Debug;
		};
		6411BB5C2EAACCBB0000DCE1 /* Release */ = {
			isa = XCBuildConfiguration;
			buildSettings = {
				ALWAYS_SEARCH_USER_PATHS = NO;
				ASSETCATALOG_COMPILER_GENERATE_SWIFT_ASSET_SYMBOL_EXTENSIONS = YES;
				CLANG_ANALYZER_NONNULL = YES;
				CLANG_ANALYZER_NUMBER_OBJECT_CONVERSION = YES_AGGRESSIVE;
				CLANG_CXX_LANGUAGE_STANDARD = "gnu++20";
				CLANG_ENABLE_MODULES = YES;
				CLANG_ENABLE_OBJC_ARC = YES;
				CLANG_ENABLE_OBJC_WEAK = YES;
				CLANG_WARN_BLOCK_CAPTURE_AUTORELEASING = YES;
				CLANG_WARN_BOOL_CONVERSION = YES;
				CLANG_WARN_COMMA = YES;
				CLANG_WARN_CONSTANT_CONVERSION = YES;
				CLANG_WARN_DEPRECATED_OBJC_IMPLEMENTATIONS = YES;
				CLANG_WARN_DIRECT_OBJC_ISA_USAGE = YES_ERROR;
				CLANG_WARN_DOCUMENTATION_COMMENTS = YES;
				CLANG_WARN_EMPTY_BODY = YES;
				CLANG_WARN_ENUM_CONVERSION = YES;
				CLANG_WARN_INFINITE_RECURSION = YES;
				CLANG_WARN_INT_CONVERSION = YES;
				CLANG_WARN_NON_LITERAL_NULL_CONVERSION = YES;
				CLANG_WARN_OBJC_IMPLICIT_RETAIN_SELF = YES;
				CLANG_WARN_OBJC_LITERAL_CONVERSION = YES;
				CLANG_WARN_OBJC_ROOT_CLASS = YES_ERROR;
				CLANG_WARN_QUOTED_INCLUDE_IN_FRAMEWORK_HEADER = YES;
				CLANG_WARN_RANGE_LOOP_ANALYSIS = YES;
				CLANG_WARN_STRICT_PROTOTYPES = YES;
				CLANG_WARN_SUSPICIOUS_MOVE = YES;
				CLANG_WARN_UNGUARDED_AVAILABILITY = YES_AGGRESSIVE;
				CLANG_WARN_UNREACHABLE_CODE = YES;
				CLANG_WARN__DUPLICATE_METHOD_MATCH = YES;
				COPY_PHASE_STRIP = NO;
				DEBUG_INFORMATION_FORMAT = "dwarf-with-dsym";
				DEVELOPMENT_TEAM = 3YFY9R2QJ5;
				ENABLE_NS_ASSERTIONS = NO;
				ENABLE_STRICT_OBJC_MSGSEND = YES;
				ENABLE_USER_SCRIPT_SANDBOXING = YES;
				GCC_C_LANGUAGE_STANDARD = gnu17;
				GCC_NO_COMMON_BLOCKS = YES;
				GCC_WARN_64_TO_32_BIT_CONVERSION = YES;
				GCC_WARN_ABOUT_RETURN_TYPE = YES_ERROR;
				GCC_WARN_UNDECLARED_SELECTOR = YES;
				GCC_WARN_UNINITIALIZED_AUTOS = YES_AGGRESSIVE;
				GCC_WARN_UNUSED_FUNCTION = YES;
				GCC_WARN_UNUSED_VARIABLE = YES;
				IPHONEOS_DEPLOYMENT_TARGET = 26.0;
				LOCALIZATION_PREFERS_STRING_CATALOGS = YES;
				MTL_ENABLE_DEBUG_INFO = NO;
				MTL_FAST_MATH = YES;
				SDKROOT = iphoneos;
				SWIFT_COMPILATION_MODE = wholemodule;
				SWIFT_EMIT_LOC_STRINGS = YES;
				VALIDATE_PRODUCT = YES;
			};
			name = Release;
		};
		6411BB5E2EAACCBB0000DCE1 /* Debug */ = {
			isa = XCBuildConfiguration;
			buildSettings = {
				ASSETCATALOG_COMPILER_APPICON_NAME = BarTrail;
				ASSETCATALOG_COMPILER_GLOBAL_ACCENT_COLOR_NAME = AccentColor;
				CODE_SIGN_IDENTITY = "Apple Development";
				CODE_SIGN_STYLE = Automatic;
				CURRENT_PROJECT_VERSION = 4;
				DEVELOPMENT_TEAM = 3YFY9R2QJ5;
				ENABLE_PREVIEWS = YES;
				GENERATE_INFOPLIST_FILE = YES;
				INFOPLIST_FILE = BarTrail/Info.plist;
				INFOPLIST_KEY_CFBundleDisplayName = BarTrail;
				INFOPLIST_KEY_LSApplicationCategoryType = "public.app-category.utilities";
				INFOPLIST_KEY_LSSupportsOpeningDocumentsInPlace = YES;
				INFOPLIST_KEY_NSLocationAlwaysAndWhenInUseUsageDescription = "BarTrail tracks your route to show where you've been during your night out";
				INFOPLIST_KEY_NSLocationAlwaysUsageDescription = "BarTrail needs background location access to track your full route even when the app is closed";
				INFOPLIST_KEY_NSLocationWhenInUseUsageDescription = "BarTrail needs your location to track your night";
				INFOPLIST_KEY_NSPhotoLibraryAddUsageDescription = "Save this image to camera roll";
				INFOPLIST_KEY_NSSupportsLiveActivities = YES;
				INFOPLIST_KEY_UIApplicationSceneManifest_Generation = YES;
				INFOPLIST_KEY_UIApplicationSupportsIndirectInputEvents = YES;
				INFOPLIST_KEY_UILaunchScreen_Generation = YES;
				INFOPLIST_KEY_UISupportedInterfaceOrientations = UIInterfaceOrientationPortrait;
				IPHONEOS_DEPLOYMENT_TARGET = 18.6;
				LD_RUNPATH_SEARCH_PATHS = (
					"$(inherited)",
					"@executable_path/Frameworks",
				);
				MARKETING_VERSION = 1.0.1;
				PRODUCT_BUNDLE_IDENTIFIER = AnthonyBacon.BarTrail;
				PRODUCT_NAME = "$(TARGET_NAME)";
				PROVISIONING_PROFILE_SPECIFIER = "";
				STRING_CATALOG_GENERATE_SYMBOLS = YES;
				SUPPORTED_PLATFORMS = "iphoneos iphonesimulator";
				SUPPORTS_MACCATALYST = NO;
				SUPPORTS_MAC_DESIGNED_FOR_IPHONE_IPAD = NO;
				SUPPORTS_XR_DESIGNED_FOR_IPHONE_IPAD = NO;
				SWIFT_APPROACHABLE_CONCURRENCY = YES;
				SWIFT_DEFAULT_ACTOR_ISOLATION = MainActor;
				SWIFT_EMIT_LOC_STRINGS = YES;
				SWIFT_UPCOMING_FEATURE_MEMBER_IMPORT_VISIBILITY = YES;
				SWIFT_VERSION = 5.0;
				TARGETED_DEVICE_FAMILY = 1;
			};
			name = Debug;
		};
		6411BB5F2EAACCBB0000DCE1 /* Release */ = {
			isa = XCBuildConfiguration;
			buildSettings = {
				ASSETCATALOG_COMPILER_APPICON_NAME = BarTrail;
				ASSETCATALOG_COMPILER_GLOBAL_ACCENT_COLOR_NAME = AccentColor;
				CODE_SIGN_IDENTITY = "Apple Development";
				CODE_SIGN_STYLE = Automatic;
				CURRENT_PROJECT_VERSION = 4;
				DEVELOPMENT_TEAM = 3YFY9R2QJ5;
				ENABLE_PREVIEWS = YES;
				GENERATE_INFOPLIST_FILE = YES;
				INFOPLIST_FILE = BarTrail/Info.plist;
				INFOPLIST_KEY_CFBundleDisplayName = BarTrail;
				INFOPLIST_KEY_LSApplicationCategoryType = "public.app-category.utilities";
				INFOPLIST_KEY_LSSupportsOpeningDocumentsInPlace = YES;
				INFOPLIST_KEY_NSLocationAlwaysAndWhenInUseUsageDescription = "BarTrail tracks your route to show where you've been during your night out";
				INFOPLIST_KEY_NSLocationAlwaysUsageDescription = "BarTrail needs background location access to track your full route even when the app is closed";
				INFOPLIST_KEY_NSLocationWhenInUseUsageDescription = "BarTrail needs your location to track your night";
				INFOPLIST_KEY_NSPhotoLibraryAddUsageDescription = "Save this image to camera roll";
				INFOPLIST_KEY_NSSupportsLiveActivities = YES;
				INFOPLIST_KEY_UIApplicationSceneManifest_Generation = YES;
				INFOPLIST_KEY_UIApplicationSupportsIndirectInputEvents = YES;
				INFOPLIST_KEY_UILaunchScreen_Generation = YES;
				INFOPLIST_KEY_UISupportedInterfaceOrientations = UIInterfaceOrientationPortrait;
				IPHONEOS_DEPLOYMENT_TARGET = 18.6;
				LD_RUNPATH_SEARCH_PATHS = (
					"$(inherited)",
					"@executable_path/Frameworks",
				);
				MARKETING_VERSION = 1.0.1;
				PRODUCT_BUNDLE_IDENTIFIER = AnthonyBacon.BarTrail;
				PRODUCT_NAME = "$(TARGET_NAME)";
				PROVISIONING_PROFILE_SPECIFIER = "";
				STRING_CATALOG_GENERATE_SYMBOLS = YES;
				SUPPORTED_PLATFORMS = "iphoneos iphonesimulator";
				SUPPORTS_MACCATALYST = NO;
				SUPPORTS_MAC_DESIGNED_FOR_IPHONE_IPAD = NO;
				SUPPORTS_XR_DESIGNED_FOR_IPHONE_IPAD = NO;
				SWIFT_APPROACHABLE_CONCURRENCY = YES;
				SWIFT_DEFAULT_ACTOR_ISOLATION = MainActor;
				SWIFT_EMIT_LOC_STRINGS = YES;
				SWIFT_UPCOMING_FEATURE_MEMBER_IMPORT_VISIBILITY = YES;
				SWIFT_VERSION = 5.0;
				TARGETED_DEVICE_FAMILY = 1;
			};
			name = Release;
		};
		6411BC022EABF9650000DCE1 /* Debug */ = {
			isa = XCBuildConfiguration;
			buildSettings = {
				ASSETCATALOG_COMPILER_GLOBAL_ACCENT_COLOR_NAME = AccentColor;
				ASSETCATALOG_COMPILER_WIDGET_BACKGROUND_COLOR_NAME = WidgetBackground;
				CODE_SIGN_STYLE = Automatic;
				CURRENT_PROJECT_VERSION = 1;
				DEVELOPMENT_TEAM = 3YFY9R2QJ5;
				GENERATE_INFOPLIST_FILE = YES;
				INFOPLIST_FILE = BarTrailWidgets/Info.plist;
				INFOPLIST_KEY_CFBundleDisplayName = BarTrailWidgets;
				INFOPLIST_KEY_NSHumanReadableCopyright = "";
				IPHONEOS_DEPLOYMENT_TARGET = 18.6;
				LD_RUNPATH_SEARCH_PATHS = (
					"$(inherited)",
					"@executable_path/Frameworks",
					"@executable_path/../../Frameworks",
				);
				MARKETING_VERSION = 1.0;
				PRODUCT_BUNDLE_IDENTIFIER = AnthonyBacon.BarTrail.BarTrailWidgets;
				PRODUCT_NAME = "$(TARGET_NAME)";
				SKIP_INSTALL = YES;
				STRING_CATALOG_GENERATE_SYMBOLS = YES;
				SUPPORTED_PLATFORMS = "iphoneos iphonesimulator";
				SUPPORTS_MACCATALYST = NO;
				SUPPORTS_MAC_DESIGNED_FOR_IPHONE_IPAD = NO;
				SUPPORTS_XR_DESIGNED_FOR_IPHONE_IPAD = NO;
				SWIFT_APPROACHABLE_CONCURRENCY = YES;
				SWIFT_EMIT_LOC_STRINGS = YES;
				SWIFT_UPCOMING_FEATURE_MEMBER_IMPORT_VISIBILITY = YES;
				SWIFT_VERSION = 5.0;
				TARGETED_DEVICE_FAMILY = 1;
			};
			name = Debug;
		};
		6411BC032EABF9650000DCE1 /* Release */ = {
			isa = XCBuildConfiguration;
			buildSettings = {
				ASSETCATALOG_COMPILER_GLOBAL_ACCENT_COLOR_NAME = AccentColor;
				ASSETCATALOG_COMPILER_WIDGET_BACKGROUND_COLOR_NAME = WidgetBackground;
				CODE_SIGN_STYLE = Automatic;
				CURRENT_PROJECT_VERSION = 1;
				DEVELOPMENT_TEAM = 3YFY9R2QJ5;
				GENERATE_INFOPLIST_FILE = YES;
				INFOPLIST_FILE = BarTrailWidgets/Info.plist;
				INFOPLIST_KEY_CFBundleDisplayName = BarTrailWidgets;
				INFOPLIST_KEY_NSHumanReadableCopyright = "";
				IPHONEOS_DEPLOYMENT_TARGET = 18.6;
				LD_RUNPATH_SEARCH_PATHS = (
					"$(inherited)",
					"@executable_path/Frameworks",
					"@executable_path/../../Frameworks",
				);
				MARKETING_VERSION = 1.0;
				PRODUCT_BUNDLE_IDENTIFIER = AnthonyBacon.BarTrail.BarTrailWidgets;
				PRODUCT_NAME = "$(TARGET_NAME)";
				SKIP_INSTALL = YES;
				STRING_CATALOG_GENERATE_SYMBOLS = YES;
				SUPPORTED_PLATFORMS = "iphoneos iphonesimulator";
				SUPPORTS_MACCATALYST = NO;
				SUPPORTS_MAC_DESIGNED_FOR_IPHONE_IPAD = NO;
				SUPPORTS_XR_DESIGNED_FOR_IPHONE_IPAD = NO;
				SWIFT_APPROACHABLE_CONCURRENCY = YES;
				SWIFT_EMIT_LOC_STRINGS = YES;
				SWIFT_UPCOMING_FEATURE_MEMBER_IMPORT_VISIBILITY = YES;
				SWIFT_VERSION = 5.0;
				TARGETED_DEVICE_FAMILY = 1;
			};
			name = Release;
		};
/* End XCBuildConfiguration section */

/* Begin XCConfigurationList section */
		6411BB4D2EAACCB90000DCE1 /* Build configuration list for PBXProject "BarTrail" */ = {
			isa = XCConfigurationList;
			buildConfigurations = (
				6411BB5B2EAACCBB0000DCE1 /* Debug */,
				6411BB5C2EAACCBB0000DCE1 /* Release */,
			);
			defaultConfigurationIsVisible = 0;
			defaultConfigurationName = Release;
		};
		6411BB5D2EAACCBB0000DCE1 /* Build configuration list for PBXNativeTarget "BarTrail" */ = {
			isa = XCConfigurationList;
			buildConfigurations = (
				6411BB5E2EAACCBB0000DCE1 /* Debug */,
				6411BB5F2EAACCBB0000DCE1 /* Release */,
			);
			defaultConfigurationIsVisible = 0;
			defaultConfigurationName = Release;
		};
		6411BC012EABF9650000DCE1 /* Build configuration list for PBXNativeTarget "BarTrailWidgetsExtension" */ = {
			isa = XCConfigurationList;
			buildConfigurations = (
				6411BC022EABF9650000DCE1 /* Debug */,
				6411BC032EABF9650000DCE1 /* Release */,
			);
			defaultConfigurationIsVisible = 0;
			defaultConfigurationName = Release;
		};
/* End XCConfigurationList section */

/* Begin XCRemoteSwiftPackageReference section */
		641023B12EAE6478003C2C1B /* XCRemoteSwiftPackageReference "purchases-ios-spm" */ = {
			isa = XCRemoteSwiftPackageReference;
			repositoryURL = "https://github.com/RevenueCat/purchases-ios-spm";
			requirement = {
				kind = upToNextMajorVersion;
				minimumVersion = 5.44.1;
			};
		};
/* End XCRemoteSwiftPackageReference section */

/* Begin XCSwiftPackageProductDependency section */
		641023B22EAE6478003C2C1B /* RevenueCat */ = {
			isa = XCSwiftPackageProductDependency;
			package = 641023B12EAE6478003C2C1B /* XCRemoteSwiftPackageReference "purchases-ios-spm" */;
			productName = RevenueCat;
		};
		641023B42EAE6478003C2C1B /* RevenueCatUI */ = {
			isa = XCSwiftPackageProductDependency;
			package = 641023B12EAE6478003C2C1B /* XCRemoteSwiftPackageReference "purchases-ios-spm" */;
			productName = RevenueCatUI;
		};
/* End XCSwiftPackageProductDependency section */
	};
	rootObject = 6411BB4A2EAACCB90000DCE1 /* Project object */;
}
